
Microsoft Visual Studio Solution File, Format Version 12.00
# Visual Studio Version 17
VisualStudioVersion = 17.3.32929.385
MinimumVisualStudioVersion = 10.0.40219.1
Project("{FAE04EC0-301F-11D3-BF4B-00C04F79EFBC}") = "Task_2_1_Forms", "Task_2_1_Forms\Task_2_1_Forms.csproj", "{AB2D8850-906F-414D-80CC-8889B2FFC2E0}"
EndProject
Global
	GlobalSection(SolutionConfigurationPlatforms) = preSolution
		Debug|Any CPU = Debug|Any CPU
		Release|Any CPU = Release|Any CPU
	EndGlobalSection
	GlobalSection(ProjectConfigurationPlatforms) = postSolution
		{AB2D8850-906F-414D-80CC-8889B2FFC2E0}.Debug|Any CPU.ActiveCfg = Debug|Any CPU
		{AB2D8850-906F-414D-80CC-8889B2FFC2E0}.Debug|Any CPU.Build.0 = Debug|Any CPU
		{AB2D8850-906F-414D-80CC-8889B2FFC2E0}.Release|Any CPU.ActiveCfg = Release|Any CPU
		{AB2D8850-906F-414D-80CC-8889B2FFC2E0}.Release|Any CPU.Build.0 = Release|Any CPU
	EndGlobalSection
	GlobalSection(SolutionProperties) = preSolution
		HideSolutionNode = FALSE
	EndGlobalSection
	GlobalSection(ExtensibilityGlobals) = postSolution
		SolutionGuid = {15543C1E-D150-40D2-B937-38B34250A7DE}
	EndGlobalSection
EndGlobal
